
Microsoft Visual Studio Solution File, Format Version 11.00
# Visual Studio 2010
Project("{FAE04EC0-301F-11D3-BF4B-00C04F79EFBC}") = "SchedulerV2", "SchedulerV2\SchedulerV2.csproj", "{CC28F2C6-A510-477A-B610-0CEFB5EB4D55}"
EndProject
Project("{FAE04EC0-301F-11D3-BF4B-00C04F79EFBC}") = "SchedulerV2Tests", "SchedulerV2Tests\SchedulerV2Tests.csproj", "{9254F2FE-E985-4C62-9D51-3A56A8772510}"
EndProject
Project("{2150E333-8FDC-42A3-9474-1A3956D46DE8}") = "Solution Items", "Solution Items", "{FAD959F3-4283-4613-8336-42A50C45911B}"
	ProjectSection(SolutionItems) = preProject
		Local.testsettings = Local.testsettings
		SchedulerV2.vsmdi = SchedulerV2.vsmdi
		TraceAndTestImpact.testsettings = TraceAndTestImpact.testsettings
	EndProjectSection
EndProject
Global
	GlobalSection(TestCaseManagementSettings) = postSolution
		CategoryFile = SchedulerV2.vsmdi
	EndGlobalSection
	GlobalSection(SolutionConfigurationPlatforms) = preSolution
		Debug|Any CPU = Debug|Any CPU
		Release|Any CPU = Release|Any CPU
	EndGlobalSection
	GlobalSection(ProjectConfigurationPlatforms) = postSolution
		{CC28F2C6-A510-477A-B610-0CEFB5EB4D55}.Debug|Any CPU.ActiveCfg = Debug|Any CPU
		{CC28F2C6-A510-477A-B610-0CEFB5EB4D55}.Debug|Any CPU.Build.0 = Debug|Any CPU
		{CC28F2C6-A510-477A-B610-0CEFB5EB4D55}.Release|Any CPU.ActiveCfg = Release|Any CPU
		{CC28F2C6-A510-477A-B610-0CEFB5EB4D55}.Release|Any CPU.Build.0 = Release|Any CPU
		{9254F2FE-E985-4C62-9D51-3A56A8772510}.Debug|Any CPU.ActiveCfg = Debug|Any CPU
		{9254F2FE-E985-4C62-9D51-3A56A8772510}.Debug|Any CPU.Build.0 = Debug|Any CPU
		{9254F2FE-E985-4C62-9D51-3A56A8772510}.Release|Any CPU.ActiveCfg = Release|Any CPU
		{9254F2FE-E985-4C62-9D51-3A56A8772510}.Release|Any CPU.Build.0 = Release|Any CPU
	EndGlobalSection
	GlobalSection(SolutionProperties) = preSolution
		HideSolutionNode = FALSE
	EndGlobalSection
EndGlobal
